
Microsoft Visual Studio Solution File, Format Version 12.00
# Visual Studio Version 17
VisualStudioVersion = 17.0.31612.314
MinimumVisualStudioVersion = 10.0.40219.1
Project("{2150E333-8FDC-42A3-9474-1A3956D46DE8}") = "src", "src", "{3611F667-51A1-42BE-A7C2-B011BCE0E96C}"
EndProject
Project("{2150E333-8FDC-42A3-9474-1A3956D46DE8}") = "test", "test", "{01A48DEE-4FEB-4952-B252-609A0ECA6783}"
EndProject
Project("{2150E333-8FDC-42A3-9474-1A3956D46DE8}") = "HilfeBibliothek", "HilfeBibliothek", "{A830471E-E947-44C1-9A73-D7E993A7F692}"
EndProject
Project("{9A19103F-16F7-4668-BE54-9A1E7A4F7556}") = "KSOAdmin.Core", "src\HilfeBibliothek\KSOAdmin.Core\KSOAdmin.Core.csproj", "{4A0C8A75-3A2D-4C28-A3E1-1B68D3E8B7E8}"
EndProject
Project("{2150E333-8FDC-42A3-9474-1A3956D46DE8}") = "WebApp", "WebApp", "{2B7FFA0F-6B15-4572-9CD0-443DF0CFCB10}"
EndProject
Project("{9A19103F-16F7-4668-BE54-9A1E7A4F7556}") = "KSOAdmin.WebApi", "src\WebApp\KSOAdmin.WebApi\KSOAdmin.WebApi.csproj", "{6825FCF8-B6E3-437C-945D-4A68190B97EB}"
EndProject
Project("{9A19103F-16F7-4668-BE54-9A1E7A4F7556}") = "KSOAdmin.Authorization", "src\WebApp\KSOAdmin.Authorization\KSOAdmin.Authorization.csproj", "{AF7CB508-F0EB-4A05-AEFC-481DE2CA2C0B}"
EndProject
Project("{9A19103F-16F7-4668-BE54-9A1E7A4F7556}") = "KSOAdmin.Models", "src\KSOAdmin.Models\KSOAdmin.Models.csproj", "{ABE29187-593D-441C-A1ED-D490D055A423}"
EndProject
Project("{9A19103F-16F7-4668-BE54-9A1E7A4F7556}") = "KSOAdmin.WebAppTest", "test\KSOAdmin.WebAppTest\KSOAdmin.WebAppTest.csproj", "{F11E8FB2-F367-4DE9-ADAE-417AB8627515}"
EndProject
Project("{2150E333-8FDC-42A3-9474-1A3956D46DE8}") = "CodeGeneration", "CodeGeneration", "{E495D2B9-C492-49DD-890D-574C0E9306DB}"
EndProject
Project("{9A19103F-16F7-4668-BE54-9A1E7A4F7556}") = "KSOAdmin.CodeGeneration", "src\CodeGenerator\KSOAdmin.CodeGeneration\KSOAdmin.CodeGeneration.csproj", "{875949EF-3580-4D3E-BDE1-59C2F412EF00}"
EndProject
Project("{9A19103F-16F7-4668-BE54-9A1E7A4F7556}") = "KSOAdmin.Extensions", "src\HilfeBibliothek\KSOAdmin.Extensions\KSOAdmin.Extensions.csproj", "{C88EABCB-8A75-4CF9-988B-4E37092B70AE}"
EndProject
Project("{2150E333-8FDC-42A3-9474-1A3956D46DE8}") = "Business", "Business", "{C2127E70-4167-44EB-8980-12797000D6B7}"
EndProject
Project("{9A19103F-16F7-4668-BE54-9A1E7A4F7556}") = "KSOAdmin.IRepository", "src\Business\KSOAdmin.IRepository\KSOAdmin.IRepository.csproj", "{3EC78106-8FA0-4FDD-90A6-8F91084F48F8}"
EndProject
Project("{9A19103F-16F7-4668-BE54-9A1E7A4F7556}") = "KSOAdmin.Repository", "src\Business\KSOAdmin.Repository\KSOAdmin.Repository.csproj", "{0FA71CD2-0C51-4AE3-972C-50F239457807}"
EndProject
Project("{9A19103F-16F7-4668-BE54-9A1E7A4F7556}") = "KSOAdmin.IServices", "src\Business\KSOAdmin.IServices\KSOAdmin.IServices.csproj", "{AD0BF00F-44F7-428E-B959-5E43AA7C22A6}"
EndProject
Project("{9A19103F-16F7-4668-BE54-9A1E7A4F7556}") = "KSOAdmin.Services", "src\Business\KSOAdmin.Services\KSOAdmin.Services.csproj", "{66649CDF-4314-4471-9508-E971498A275D}"
EndProject
Global
	GlobalSection(SolutionConfigurationPlatforms) = preSolution
		Debug|Any CPU = Debug|Any CPU
		Release|Any CPU = Release|Any CPU
	EndGlobalSection
	GlobalSection(ProjectConfigurationPlatforms) = postSolution
		{4A0C8A75-3A2D-4C28-A3E1-1B68D3E8B7E8}.Debug|Any CPU.ActiveCfg = Debug|Any CPU
		{4A0C8A75-3A2D-4C28-A3E1-1B68D3E8B7E8}.Debug|Any CPU.Build.0 = Debug|Any CPU
		{4A0C8A75-3A2D-4C28-A3E1-1B68D3E8B7E8}.Release|Any CPU.ActiveCfg = Release|Any CPU
		{4A0C8A75-3A2D-4C28-A3E1-1B68D3E8B7E8}.Release|Any CPU.Build.0 = Release|Any CPU
		{6825FCF8-B6E3-437C-945D-4A68190B97EB}.Debug|Any CPU.ActiveCfg = Debug|Any CPU
		{6825FCF8-B6E3-437C-945D-4A68190B97EB}.Debug|Any CPU.Build.0 = Debug|Any CPU
		{6825FCF8-B6E3-437C-945D-4A68190B97EB}.Release|Any CPU.ActiveCfg = Release|Any CPU
		{6825FCF8-B6E3-437C-945D-4A68190B97EB}.Release|Any CPU.Build.0 = Release|Any CPU
		{AF7CB508-F0EB-4A05-AEFC-481DE2CA2C0B}.Debug|Any CPU.ActiveCfg = Debug|Any CPU
		{AF7CB508-F0EB-4A05-AEFC-481DE2CA2C0B}.Debug|Any CPU.Build.0 = Debug|Any CPU
		{AF7CB508-F0EB-4A05-AEFC-481DE2CA2C0B}.Release|Any CPU.ActiveCfg = Release|Any CPU
		{AF7CB508-F0EB-4A05-AEFC-481DE2CA2C0B}.Release|Any CPU.Build.0 = Release|Any CPU
		{ABE29187-593D-441C-A1ED-D490D055A423}.Debug|Any CPU.ActiveCfg = Debug|Any CPU
		{ABE29187-593D-441C-A1ED-D490D055A423}.Debug|Any CPU.Build.0 = Debug|Any CPU
		{ABE29187-593D-441C-A1ED-D490D055A423}.Release|Any CPU.ActiveCfg = Release|Any CPU
		{ABE29187-593D-441C-A1ED-D490D055A423}.Release|Any CPU.Build.0 = Release|Any CPU
		{F11E8FB2-F367-4DE9-ADAE-417AB8627515}.Debug|Any CPU.ActiveCfg = Debug|Any CPU
		{F11E8FB2-F367-4DE9-ADAE-417AB8627515}.Debug|Any CPU.Build.0 = Debug|Any CPU
		{F11E8FB2-F367-4DE9-ADAE-417AB8627515}.Release|Any CPU.ActiveCfg = Release|Any CPU
		{F11E8FB2-F367-4DE9-ADAE-417AB8627515}.Release|Any CPU.Build.0 = Release|Any CPU
		{875949EF-3580-4D3E-BDE1-59C2F412EF00}.Debug|Any CPU.ActiveCfg = Debug|Any CPU
		{875949EF-3580-4D3E-BDE1-59C2F412EF00}.Debug|Any CPU.Build.0 = Debug|Any CPU
		{875949EF-3580-4D3E-BDE1-59C2F412EF00}.Release|Any CPU.ActiveCfg = Release|Any CPU
		{875949EF-3580-4D3E-BDE1-59C2F412EF00}.Release|Any CPU.Build.0 = Release|Any CPU
		{C88EABCB-8A75-4CF9-988B-4E37092B70AE}.Debug|Any CPU.ActiveCfg = Debug|Any CPU
		{C88EABCB-8A75-4CF9-988B-4E37092B70AE}.Debug|Any CPU.Build.0 = Debug|Any CPU
		{C88EABCB-8A75-4CF9-988B-4E37092B70AE}.Release|Any CPU.ActiveCfg = Release|Any CPU
		{C88EABCB-8A75-4CF9-988B-4E37092B70AE}.Release|Any CPU.Build.0 = Release|Any CPU
		{3EC78106-8FA0-4FDD-90A6-8F91084F48F8}.Debug|Any CPU.ActiveCfg = Debug|Any CPU
		{3EC78106-8FA0-4FDD-90A6-8F91084F48F8}.Debug|Any CPU.Build.0 = Debug|Any CPU
		{3EC78106-8FA0-4FDD-90A6-8F91084F48F8}.Release|Any CPU.ActiveCfg = Release|Any CPU
		{3EC78106-8FA0-4FDD-90A6-8F91084F48F8}.Release|Any CPU.Build.0 = Release|Any CPU
		{0FA71CD2-0C51-4AE3-972C-50F239457807}.Debug|Any CPU.ActiveCfg = Debug|Any CPU
		{0FA71CD2-0C51-4AE3-972C-50F239457807}.Debug|Any CPU.Build.0 = Debug|Any CPU
		{0FA71CD2-0C51-4AE3-972C-50F239457807}.Release|Any CPU.ActiveCfg = Release|Any CPU
		{0FA71CD2-0C51-4AE3-972C-50F239457807}.Release|Any CPU.Build.0 = Release|Any CPU
		{AD0BF00F-44F7-428E-B959-5E43AA7C22A6}.Debug|Any CPU.ActiveCfg = Debug|Any CPU
		{AD0BF00F-44F7-428E-B959-5E43AA7C22A6}.Debug|Any CPU.Build.0 = Debug|Any CPU
		{AD0BF00F-44F7-428E-B959-5E43AA7C22A6}.Release|Any CPU.ActiveCfg = Release|Any CPU
		{AD0BF00F-44F7-428E-B959-5E43AA7C22A6}.Release|Any CPU.Build.0 = Release|Any CPU
		{66649CDF-4314-4471-9508-E971498A275D}.Debug|Any CPU.ActiveCfg = Debug|Any CPU
		{66649CDF-4314-4471-9508-E971498A275D}.Debug|Any CPU.Build.0 = Debug|Any CPU
		{66649CDF-4314-4471-9508-E971498A275D}.Release|Any CPU.ActiveCfg = Release|Any CPU
		{66649CDF-4314-4471-9508-E971498A275D}.Release|Any CPU.Build.0 = Release|Any CPU
	EndGlobalSection
	GlobalSection(SolutionProperties) = preSolution
		HideSolutionNode = FALSE
	EndGlobalSection
	GlobalSection(NestedProjects) = preSolution
		{A830471E-E947-44C1-9A73-D7E993A7F692} = {3611F667-51A1-42BE-A7C2-B011BCE0E96C}
		{4A0C8A75-3A2D-4C28-A3E1-1B68D3E8B7E8} = {A830471E-E947-44C1-9A73-D7E993A7F692}
		{2B7FFA0F-6B15-4572-9CD0-443DF0CFCB10} = {3611F667-51A1-42BE-A7C2-B011BCE0E96C}
		{6825FCF8-B6E3-437C-945D-4A68190B97EB} = {2B7FFA0F-6B15-4572-9CD0-443DF0CFCB10}
		{AF7CB508-F0EB-4A05-AEFC-481DE2CA2C0B} = {2B7FFA0F-6B15-4572-9CD0-443DF0CFCB10}
		{ABE29187-593D-441C-A1ED-D490D055A423} = {3611F667-51A1-42BE-A7C2-B011BCE0E96C}
		{F11E8FB2-F367-4DE9-ADAE-417AB8627515} = {01A48DEE-4FEB-4952-B252-609A0ECA6783}
		{E495D2B9-C492-49DD-890D-574C0E9306DB} = {3611F667-51A1-42BE-A7C2-B011BCE0E96C}
		{875949EF-3580-4D3E-BDE1-59C2F412EF00} = {E495D2B9-C492-49DD-890D-574C0E9306DB}
		{C88EABCB-8A75-4CF9-988B-4E37092B70AE} = {A830471E-E947-44C1-9A73-D7E993A7F692}
		{C2127E70-4167-44EB-8980-12797000D6B7} = {3611F667-51A1-42BE-A7C2-B011BCE0E96C}
		{3EC78106-8FA0-4FDD-90A6-8F91084F48F8} = {C2127E70-4167-44EB-8980-12797000D6B7}
		{0FA71CD2-0C51-4AE3-972C-50F239457807} = {C2127E70-4167-44EB-8980-12797000D6B7}
		{AD0BF00F-44F7-428E-B959-5E43AA7C22A6} = {C2127E70-4167-44EB-8980-12797000D6B7}
		{66649CDF-4314-4471-9508-E971498A275D} = {C2127E70-4167-44EB-8980-12797000D6B7}
	EndGlobalSection
	GlobalSection(ExtensibilityGlobals) = postSolution
		SolutionGuid = {7D7C0CF5-E50C-4200-B0CC-A098621671E1}
	EndGlobalSection
EndGlobal
